
Microsoft Visual Studio Solution File, Format Version 12.00
# Visual Studio Version 17
VisualStudioVersion = 17.14.36804.6
MinimumVisualStudioVersion = 10.0.40219.1
Project("{FAE04EC0-301F-11D3-BF4B-00C04F79EFBC}") = "WebService", "WebService\WebService.csproj", "{67CB9020-5E64-4FD6-AA55-27F9EE9076B7}"
EndProject
Project("{FAE04EC0-301F-11D3-BF4B-00C04F79EFBC}") = "EF", "EF\EF.csproj", "{043AF8E1-D7AA-4D69-B18F-816B4636D5CE}"
EndProject
Project("{FAE04EC0-301F-11D3-BF4B-00C04F79EFBC}") = "Entities", "Entities\Entities.csproj", "{73B856DB-9FA5-486F-B873-F08CF2C35D52}"
EndProject
Global
	GlobalSection(SolutionConfigurationPlatforms) = preSolution
		Debug|Any CPU = Debug|Any CPU
		Release|Any CPU = Release|Any CPU
	EndGlobalSection
	GlobalSection(ProjectConfigurationPlatforms) = postSolution
		{67CB9020-5E64-4FD6-AA55-27F9EE9076B7}.Debug|Any CPU.ActiveCfg = Debug|Any CPU
		{67CB9020-5E64-4FD6-AA55-27F9EE9076B7}.Debug|Any CPU.Build.0 = Debug|Any CPU
		{67CB9020-5E64-4FD6-AA55-27F9EE9076B7}.Release|Any CPU.ActiveCfg = Release|Any CPU
		{67CB9020-5E64-4FD6-AA55-27F9EE9076B7}.Release|Any CPU.Build.0 = Release|Any CPU
		{043AF8E1-D7AA-4D69-B18F-816B4636D5CE}.Debug|Any CPU.ActiveCfg = Debug|Any CPU
		{043AF8E1-D7AA-4D69-B18F-816B4636D5CE}.Debug|Any CPU.Build.0 = Debug|Any CPU
		{043AF8E1-D7AA-4D69-B18F-816B4636D5CE}.Release|Any CPU.ActiveCfg = Release|Any CPU
		{043AF8E1-D7AA-4D69-B18F-816B4636D5CE}.Release|Any CPU.Build.0 = Release|Any CPU
		{73B856DB-9FA5-486F-B873-F08CF2C35D52}.Debug|Any CPU.ActiveCfg = Debug|Any CPU
		{73B856DB-9FA5-486F-B873-F08CF2C35D52}.Debug|Any CPU.Build.0 = Debug|Any CPU
		{73B856DB-9FA5-486F-B873-F08CF2C35D52}.Release|Any CPU.ActiveCfg = Release|Any CPU
		{73B856DB-9FA5-486F-B873-F08CF2C35D52}.Release|Any CPU.Build.0 = Release|Any CPU
	EndGlobalSection
	GlobalSection(SolutionProperties) = preSolution
		HideSolutionNode = FALSE
	EndGlobalSection
	GlobalSection(ExtensibilityGlobals) = postSolution
		SolutionGuid = {03868B21-927E-4E83-B25E-BDFE5D1C7E43}
	EndGlobalSection
EndGlobal
